<?xml version="1.0" encoding="utf-8"?>
<Project ToolsVersion="4.0" xmlns="http://schemas.microsoft.com/developer/msbuild/2003">
  <ItemGroup>
    <Filter Include="Game">
      <UniqueIdentifier>{87447d58-5227-4252-8fba-8575fcae8589}</UniqueIdentifier>
    </Filter>
    <Filter Include="glad">
      <UniqueIdentifier>{67DA6AB6-F800-4c08-8B7A-83BB121AAD01}</UniqueIdentifier>
      <Extensions>rc;ico;cur;bmp;dlg;rc2;rct;bin;rgs;gif;jpg;jpeg;jpe;resx;tiff;tif;png;wav;mfcribbon-ms</Extensions>
    </Filter>
    <Filter Include="glad\glad">
      <UniqueIdentifier>{b770e285-9649-43f9-9158-92c1edf9677d}</UniqueIdentifier>
    </Filter>
    <Filter Include="Engine">
      <UniqueIdentifier>{a5473eb4-e93f-4bbf-b508-6506b7714929}</UniqueIdentifier>
    </Filter>
    <Filter Include="imgui">
      <UniqueIdentifier>{086f871e-b59a-4f84-9ed5-651d689a6c7c}</UniqueIdentifier>
    </Filter>
  </ItemGroup>
  <ItemGroup>
    <ClCompile Include="dep\glad\glad.c">
      <Filter>glad\glad</Filter>
    </ClCompile>
    <ClCompile Include="frog\source\MyGame.cpp">
      <Filter>Game</Filter>
    </ClCompile>
    <ClCompile Include="frog\source\Application.cpp">
      <Filter>Engine</Filter>
    </ClCompile>
    <ClCompile Include="frog\source\Main.cpp" />
    <ClCompile Include="frog\source\Utilities.cpp">
      <Filter>Engine</Filter>
    </ClCompile>
    <ClCompile Include="frog\source\Shader.cpp">
      <Filter>Engine</Filter>
    </ClCompile>
    <ClCompile Include="frog\source\Gizmos.cpp">
      <Filter>Engine</Filter>
    </ClCompile>
    <ClCompile Include="frog\source\Mesh.cpp">
      <Filter>Engine</Filter>
    </ClCompile>
    <ClCompile Include="frog\source\Camera.cpp">
      <Filter>Engine</Filter>
    </ClCompile>
    <ClCompile Include="frog\source\Texture.cpp">
      <Filter>Engine</Filter>
    </ClCompile>
    <ClCompile Include="dep\imgui\imgui.cpp">
      <Filter>imgui</Filter>
    </ClCompile>
    <ClCompile Include="dep\imgui\imgui_demo.cpp">
      <Filter>imgui</Filter>
    </ClCompile>
    <ClCompile Include="dep\imgui\imgui_draw.cpp">
      <Filter>imgui</Filter>
    </ClCompile>
    <ClCompile Include="dep\imgui\imgui_impl_glfw.cpp">
      <Filter>imgui</Filter>
    </ClCompile>
    <ClCompile Include="dep\imgui\imgui_impl_opengl3.cpp">
      <Filter>imgui</Filter>
    </ClCompile>
    <ClCompile Include="dep\imgui\imgui_stdlib.cpp">
      <Filter>imgui</Filter>
    </ClCompile>
    <ClCompile Include="dep\imgui\imgui_tables.cpp">
      <Filter>imgui</Filter>
    </ClCompile>
    <ClCompile Include="dep\imgui\imgui_widgets.cpp">
      <Filter>imgui</Filter>
    </ClCompile>
    <ClCompile Include="frog\source\RenderObject.cpp">
      <Filter>Engine</Filter>
    </ClCompile>
  </ItemGroup>
  <ItemGroup>
    <ClInclude Include="dep\glad\glad.h">
      <Filter>glad\glad</Filter>
    </ClInclude>
    <ClInclude Include="dep\glad\khrplatform.h">
      <Filter>glad\glad</Filter>
    </ClInclude>
    <ClInclude Include="frog\header\MyGame.h">
      <Filter>Game</Filter>
    </ClInclude>
    <ClInclude Include="frog\header\Application.h">
      <Filter>Engine</Filter>
    </ClInclude>
    <ClInclude Include="frog\header\Program.h">
      <Filter>Engine</Filter>
    </ClInclude>
    <ClInclude Include="frog\header\Graphics.h">
      <Filter>Engine</Filter>
    </ClInclude>
    <ClInclude Include="frog\header\Utilities.h">
      <Filter>Engine</Filter>
    </ClInclude>
    <ClInclude Include="frog\header\Shader.h">
      <Filter>Engine</Filter>
    </ClInclude>
    <ClInclude Include="frog\header\Gizmos.h">
      <Filter>Engine</Filter>
    </ClInclude>
    <ClInclude Include="frog\header\Mesh.h">
      <Filter>Engine</Filter>
    </ClInclude>
    <ClInclude Include="frog\header\Camera.h">
      <Filter>Engine</Filter>
    </ClInclude>
    <ClInclude Include="frog\header\Texture.h">
      <Filter>Engine</Filter>
    </ClInclude>
    <ClInclude Include="dep\imgui\imconfig.h">
      <Filter>imgui</Filter>
    </ClInclude>
    <ClInclude Include="dep\imgui\imgui.h">
      <Filter>imgui</Filter>
    </ClInclude>
    <ClInclude Include="dep\imgui\imgui_impl_glfw.h">
      <Filter>imgui</Filter>
    </ClInclude>
    <ClInclude Include="dep\imgui\imgui_impl_opengl3.h">
      <Filter>imgui</Filter>
    </ClInclude>
    <ClInclude Include="dep\imgui\imgui_impl_opengl3_loader.h">
      <Filter>imgui</Filter>
    </ClInclude>
    <ClInclude Include="dep\imgui\imgui_internal.h">
      <Filter>imgui</Filter>
    </ClInclude>
    <ClInclude Include="dep\imgui\imgui_stdlib.h">
      <Filter>imgui</Filter>
    </ClInclude>
    <ClInclude Include="dep\imgui\imstb_rectpack.h">
      <Filter>imgui</Filter>
    </ClInclude>
    <ClInclude Include="dep\imgui\imstb_textedit.h">
      <Filter>imgui</Filter>
    </ClInclude>
    <ClInclude Include="dep\imgui\imstb_truetype.h">
      <Filter>imgui</Filter>
    </ClInclude>
    <ClInclude Include="frog\header\RenderObject.h">
      <Filter>Engine</Filter>
    </ClInclude>
    <ClInclude Include="frog\header\Light.h">
      <Filter>Engine</Filter>
    </ClInclude>
  </ItemGroup>
</Project>